{
  "lockfileVersion": 1,
  "configVersion": 0,
  "workspaces": {
    "": {
      "name": "@ndxbn/tsconfig",
      "devDependencies": {
        "@tsconfig/recommended": "1.0.13",
        "@tsconfig/strictest": "2.0.8",
      },
    },
  },
  "packages": {
    "@tsconfig/recommended": ["@tsconfig/recommended@1.0.13", "", {}, "sha512-sySRuBfMKyKO/j2ZAhR8kSembhjuPEV4Ra3AHtmWLq51+iGaudr45crPSzNC5b7/Ctrh9dfUpBuTlYrH6rM58Q=="],

    "@tsconfig/strictest": ["@tsconfig/strictest@2.0.8", "", {}, "sha512-XnQ7vNz5HRN0r88GYf1J9JJjqtZPiHt2woGJOo2dYqyHGGcd6OLGqSlBB6p1j9mpzja6Oe5BoPqWmeDx6X9rLw=="],
  }
}
