{
  "name": "@ndxbn/tsconfig",
  "version": "0.0.23",
  "lockfileVersion": 3,
  "requires": true,
  "packages": {
    "": {
      "name": "@ndxbn/tsconfig",
      "version": "0.0.23",
      "license": "MIT",
      "devDependencies": {
        "@tsconfig/recommended": "1.0.10",
        "@tsconfig/strictest": "2.0.6"
      }
    },
    "node_modules/@tsconfig/recommended": {
      "version": "1.0.10",
      "resolved": "https://registry.npmjs.org/@tsconfig/recommended/-/recommended-1.0.10.tgz",
      "integrity": "sha512-cGvydvg03lONp5Z9yaplW493Vw9/um7k588mvDkm+VFPF2PZUVPx0uswq4PFpeEySsLbQRETrDRhzh4Dmxaslw==",
      "dev": true,
      "license": "MIT"
    },
    "node_modules/@tsconfig/strictest": {
      "version": "2.0.6",
      "resolved": "https://registry.npmjs.org/@tsconfig/strictest/-/strictest-2.0.6.tgz",
      "integrity": "sha512-tPOhmDhIUcDjvpDDYyiUdssP84Eqm7n5KxJe5J3/g+s6xoDIPAf+SIn06dhw7VkhxIvLOnhDDrX7tsqMHNEhDg==",
      "dev": true,
      "license": "MIT"
    }
  }
}
