{
  "name": "@ndxbn/tsconfig",
  "version": "0.0.23",
  "lockfileVersion": 3,
  "requires": true,
  "packages": {
    "": {
      "name": "@ndxbn/tsconfig",
      "version": "0.0.23",
      "license": "MIT",
      "devDependencies": {
        "@tsconfig/recommended": "1.0.9",
        "@tsconfig/strictest": "2.0.5"
      }
    },
    "node_modules/@tsconfig/recommended": {
      "version": "1.0.9",
      "resolved": "https://registry.npmjs.org/@tsconfig/recommended/-/recommended-1.0.9.tgz",
      "integrity": "sha512-jf+a+mlsEi7V/RhoSgn7KlxCplFV2DVyfNEKSWBiUYKe2OuRVC/LZB5pUTA7KSB++c23LI66qc2VJXF7DCHGAA==",
      "dev": true,
      "license": "MIT"
    },
    "node_modules/@tsconfig/strictest": {
      "version": "2.0.5",
      "resolved": "https://registry.npmjs.org/@tsconfig/strictest/-/strictest-2.0.5.tgz",
      "integrity": "sha512-ec4tjL2Rr0pkZ5hww65c+EEPYwxOi4Ryv+0MtjeaSQRJyq322Q27eOQiFbuNgw2hpL4hB1/W/HBGk3VKS43osg==",
      "dev": true,
      "license": "MIT"
    }
  }
}
